{
  "name": "web-lab3",
  "lockfileVersion": 3,
  "requires": true,
  "packages": {
    "": {
      "dependencies": {
        "jsxgraph": "^1.10.1"
      }
    },
    "node_modules/jsxgraph": {
      "version": "1.10.1",
      "resolved": "https://registry.npmjs.org/jsxgraph/-/jsxgraph-1.10.1.tgz",
      "integrity": "sha512-N7WQmjeiiGKiJPr4iGUHgf8uRazOo9qaGLjX/tLWvrup67FUVD4eEctSLO1HuNcOSthwl16aTc692TKf/vZxNw==",
      "license": "(MIT OR LGPL-3.0-or-later)",
      "engines": {
        "node": ">=0.6.0"
      }
    }
  }
}
